// !$*UTF8*$!
{
	archiveVersion = 1;
	classes = {
	};
	objectVersion = 50;
	objects = {

/* Begin PBXBuildFile section */
		53D5F75C25B7F90B0012FBB5 /* AppDelegate.m in Sources */ = {isa = PBXBuildFile; fileRef = 53D5F75B25B7F90B0012FBB5 /* AppDelegate.m */; };
		53D5F75F25B7F90B0012FBB5 /* SceneDelegate.m in Sources */ = {isa = PBXBuildFile; fileRef = 53D5F75E25B7F90B0012FBB5 /* SceneDelegate.m */; };
		53D5F76225B7F90B0012FBB5 /* ViewController.m in Sources */ = {isa = PBXBuildFile; fileRef = 53D5F76125B7F90B0012FBB5 /* ViewController.m */; };
		53D5F76525B7F90B0012FBB5 /* Main.storyboard in Resources */ = {isa = PBXBuildFile; fileRef = 53D5F76325B7F90B0012FBB5 /* Main.storyboard */; };
		53D5F76725B7F90D0012FBB5 /* Assets.xcassets in Resources */ = {isa = PBXBuildFile; fileRef = 53D5F76625B7F90D0012FBB5 /* Assets.xcassets */; };
		53D5F76A25B7F90D0012FBB5 /* LaunchScreen.storyboard in Resources */ = {isa = PBXBuildFile; fileRef = 53D5F76825B7F90D0012FBB5 /* LaunchScreen.storyboard */; };
		53D5F76D25B7F90D0012FBB5 /* main.m in Sources */ = {isa = PBXBuildFile; fileRef = 53D5F76C25B7F90D0012FBB5 /* main.m */; };
		53D5F77725B7F90D0012FBB5 /* NotificationTests.m in Sources */ = {isa = PBXBuildFile; fileRef = 53D5F77625B7F90D0012FBB5 /* NotificationTests.m */; };
		53D5F78225B7F90D0012FBB5 /* NotificationUITests.m in Sources */ = {isa = PBXBuildFile; fileRef = 53D5F78125B7F90D0012FBB5 /* NotificationUITests.m */; };
/* End PBXBuildFile section */

/* Begin PBXContainerItemProxy section */
		53D5F77325B7F90D0012FBB5 /* PBXContainerItemProxy */ = {
			isa = PBXContainerItemProxy;
			containerPortal = 53D5F74F25B7F90B0012FBB5 /* Project object */;
			proxyType = 1;
			remoteGlobalIDString = 53D5F75625B7F90B0012FBB5;
			remoteInfo = Notification;
		};
		53D5F77E25B7F90D0012FBB5 /* PBXContainerItemProxy */ = {
			isa = PBXContainerItemProxy;
			containerPortal = 53D5F74F25B7F90B0012FBB5 /* Project object */;
			proxyType = 1;
			remoteGlobalIDString = 53D5F75625B7F90B0012FBB5;
			remoteInfo = Notification;
		};
/* End PBXContainerItemProxy section */

/* Begin PBXFileReference section */
		53D5F75725B7F90B0012FBB5 /* Notification.app */ = {isa = PBXFileReference; explicitFileType = wrapper.application; includeInIndex = 0; path = Notification.app; sourceTree = BUILT_PRODUCTS_DIR; };
		53D5F75A25B7F90B0012FBB5 /* AppDelegate.h */ = {isa = PBXFileReference; lastKnownFileType = sourcecode.c.h; path = AppDelegate.h; sourceTree = "<group>"; };
		53D5F75B25B7F90B0012FBB5 /* AppDelegate.m */ = {isa = PBXFileReference; lastKnownFileType = sourcecode.c.objc; path = AppDelegate.m; sourceTree = "<group>"; };
		53D5F75D25B7F90B0012FBB5 /* SceneDelegate.h */ = {isa = PBXFileReference; lastKnownFileType = sourcecode.c.h; path = SceneDelegate.h; sourceTree = "<group>"; };
		53D5F75E25B7F90B0012FBB5 /* SceneDelegate.m */ = {isa = PBXFileReference; lastKnownFileType = sourcecode.c.objc; path = SceneDelegate.m; sourceTree = "<group>"; };
		53D5F76025B7F90B0012FBB5 /* ViewController.h */ = {isa = PBXFileReference; lastKnownFileType = sourcecode.c.h; path = ViewController.h; sourceTree = "<group>"; };
		53D5F76125B7F90B0012FBB5 /* ViewController.m */ = {isa = PBXFileReference; lastKnownFileType = sourcecode.c.objc; path = ViewController.m; sourceTree = "<group>"; };
		53D5F76425B7F90B0012FBB5 /* Base */ = {isa = PBXFileReference; lastKnownFileType = file.storyboard; name = Base; path = Base.lproj/Main.storyboard; sourceTree = "<group>"; };
		53D5F76625B7F90D0012FBB5 /* Assets.xcassets */ = {isa = PBXFileReference; lastKnownFileType = folder.assetcatalog; path = Assets.xcassets; sourceTree = "<group>"; };
		53D5F76925B7F90D0012FBB5 /* Base */ = {isa = PBXFileReference; lastKnownFileType = file.storyboard; name = Base; path = Base.lproj/LaunchScreen.storyboard; sourceTree = "<group>"; };
		53D5F76B25B7F90D0012FBB5 /* Info.plist */ = {isa = PBXFileReference; lastKnownFileType = text.plist.xml; path = Info.plist; sourceTree = "<group>"; };
		53D5F76C25B7F90D0012FBB5 /* main.m */ = {isa = PBXFileReference; lastKnownFileType = sourcecode.c.objc; path = main.m; sourceTree = "<group>"; };
		53D5F77225B7F90D0012FBB5 /* NotificationTests.xctest */ = {isa = PBXFileReference; explicitFileType = wrapper.cfbundle; includeInIndex = 0; path = NotificationTests.xctest; sourceTree = BUILT_PRODUCTS_DIR; };
		53D5F77625B7F90D0012FBB5 /* NotificationTests.m */ = {isa = PBXFileReference; lastKnownFileType = sourcecode.c.objc; path = NotificationTests.m; sourceTree = "<group>"; };
		53D5F77825B7F90D0012FBB5 /* Info.plist */ = {isa = PBXFileReference; lastKnownFileType = text.plist.xml; path = Info.plist; sourceTree = "<group>"; };
		53D5F77D25B7F90D0012FBB5 /* NotificationUITests.xctest */ = {isa = PBXFileReference; explicitFileType = wrapper.cfbundle; includeInIndex = 0; path = NotificationUITests.xctest; sourceTree = BUILT_PRODUCTS_DIR; };
		53D5F78125B7F90D0012FBB5 /* NotificationUITests.m */ = {isa = PBXFileReference; lastKnownFileType = sourcecode.c.objc; path = NotificationUITests.m; sourceTree = "<group>"; };
		53D5F78325B7F90D0012FBB5 /* Info.plist */ = {isa = PBXFileReference; lastKnownFileType = text.plist.xml; path = Info.plist; sourceTree = "<group>"; };
/* End PBXFileReference section */

/* Begin PBXFrameworksBuildPhase section */
		53D5F75425B7F90B0012FBB5 /* Frameworks */ = {
			isa = PBXFrameworksBuildPhase;
			buildActionMask = 2147483647;
			files = (
			);
			runOnlyForDeploymentPostprocessing = 0;
		};
		53D5F76F25B7F90D0012FBB5 /* Frameworks */ = {
			isa = PBXFrameworksBuildPhase;
			buildActionMask = 2147483647;
			files = (
			);
			runOnlyForDeploymentPostprocessing = 0;
		};
		53D5F77A25B7F90D0012FBB5 /* Frameworks */ = {
			isa = PBXFrameworksBuildPhase;
			buildActionMask = 2147483647;
			files = (
			);
			runOnlyForDeploymentPostprocessing = 0;
		};
/* End PBXFrameworksBuildPhase section */

/* Begin PBXGroup section */
		53D5F74E25B7F90B0012FBB5 = {
			isa = PBXGroup;
			children = (
				53D5F75925B7F90B0012FBB5 /* Notification */,
				53D5F77525B7F90D0012FBB5 /* NotificationTests */,
				53D5F78025B7F90D0012FBB5 /* NotificationUITests */,
				53D5F75825B7F90B0012FBB5 /* Products */,
			);
			sourceTree = "<group>";
		};
		53D5F75825B7F90B0012FBB5 /* Products */ = {
			isa = PBXGroup;
			children = (
				53D5F75725B7F90B0012FBB5 /* Notification.app */,
				53D5F77225B7F90D0012FBB5 /* NotificationTests.xctest */,
				53D5F77D25B7F90D0012FBB5 /* NotificationUITests.xctest */,
			);
			name = Products;
			sourceTree = "<group>";
		};
		53D5F75925B7F90B0012FBB5 /* Notification */ = {
			isa = PBXGroup;
			children = (
				53D5F75A25B7F90B0012FBB5 /* AppDelegate.h */,
				53D5F75B25B7F90B0012FBB5 /* AppDelegate.m */,
				53D5F75D25B7F90B0012FBB5 /* SceneDelegate.h */,
				53D5F75E25B7F90B0012FBB5 /* SceneDelegate.m */,
				53D5F76025B7F90B0012FBB5 /* ViewController.h */,
				53D5F76125B7F90B0012FBB5 /* ViewController.m */,
				53D5F76325B7F90B0012FBB5 /* Main.storyboard */,
				53D5F76625B7F90D0012FBB5 /* Assets.xcassets */,
				53D5F76825B7F90D0012FBB5 /* LaunchScreen.storyboard */,
				53D5F76B25B7F90D0012FBB5 /* Info.plist */,
				53D5F76C25B7F90D0012FBB5 /* main.m */,
			);
			path = Notification;
			sourceTree = "<group>";
		};
		53D5F77525B7F90D0012FBB5 /* NotificationTests */ = {
			isa = PBXGroup;
			children = (
				53D5F77625B7F90D0012FBB5 /* NotificationTests.m */,
				53D5F77825B7F90D0012FBB5 /* Info.plist */,
			);
			path = NotificationTests;
			sourceTree = "<group>";
		};
		53D5F78025B7F90D0012FBB5 /* NotificationUITests */ = {
			isa = PBXGroup;
			children = (
				53D5F78125B7F90D0012FBB5 /* NotificationUITests.m */,
				53D5F78325B7F90D0012FBB5 /* Info.plist */,
			);
			path = NotificationUITests;
			sourceTree = "<group>";
		};
/* End PBXGroup section */

/* Begin PBXNativeTarget section */
		53D5F75625B7F90B0012FBB5 /* Notification */ = {
			isa = PBXNativeTarget;
			buildConfigurationList = 53D5F78625B7F90D0012FBB5 /* Build configuration list for PBXNativeTarget "Notification" */;
			buildPhases = (
				53D5F75325B7F90B0012FBB5 /* Sources */,
				53D5F75425B7F90B0012FBB5 /* Frameworks */,
				53D5F75525B7F90B0012FBB5 /* Resources */,
			);
			buildRules = (
			);
			dependencies = (
			);
			name = Notification;
			productName = Notification;
			productReference = 53D5F75725B7F90B0012FBB5 /* Notification.app */;
			productType = "com.apple.product-type.application";
		};
		53D5F77125B7F90D0012FBB5 /* NotificationTests */ = {
			isa = PBXNativeTarget;
			buildConfigurationList = 53D5F78925B7F90D0012FBB5 /* Build configuration list for PBXNativeTarget "NotificationTests" */;
			buildPhases = (
				53D5F76E25B7F90D0012FBB5 /* Sources */,
				53D5F76F25B7F90D0012FBB5 /* Frameworks */,
				53D5F77025B7F90D0012FBB5 /* Resources */,
			);
			buildRules = (
			);
			dependencies = (
				53D5F77425B7F90D0012FBB5 /* PBXTargetDependency */,
			);
			name = NotificationTests;
			productName = NotificationTests;
			productReference = 53D5F77225B7F90D0012FBB5 /* NotificationTests.xctest */;
			productType = "com.apple.product-type.bundle.unit-test";
		};
		53D5F77C25B7F90D0012FBB5 /* NotificationUITests */ = {
			isa = PBXNativeTarget;
			buildConfigurationList = 53D5F78C25B7F90D0012FBB5 /* Build configuration list for PBXNativeTarget "NotificationUITests" */;
			buildPhases = (
				53D5F77925B7F90D0012FBB5 /* Sources */,
				53D5F77A25B7F90D0012FBB5 /* Frameworks */,
				53D5F77B25B7F90D0012FBB5 /* Resources */,
			);
			buildRules = (
			);
			dependencies = (
				53D5F77F25B7F90D0012FBB5 /* PBXTargetDependency */,
			);
			name = NotificationUITests;
			productName = NotificationUITests;
			productReference = 53D5F77D25B7F90D0012FBB5 /* NotificationUITests.xctest */;
			productType = "com.apple.product-type.bundle.ui-testing";
		};
/* End PBXNativeTarget section */

/* Begin PBXProject section */
		53D5F74F25B7F90B0012FBB5 /* Project object */ = {
			isa = PBXProject;
			attributes = {
				LastUpgradeCheck = 1230;
				TargetAttributes = {
					53D5F75625B7F90B0012FBB5 = {
						CreatedOnToolsVersion = 12.3;
					};
					53D5F77125B7F90D0012FBB5 = {
						CreatedOnToolsVersion = 12.3;
						TestTargetID = 53D5F75625B7F90B0012FBB5;
					};
					53D5F77C25B7F90D0012FBB5 = {
						CreatedOnToolsVersion = 12.3;
						TestTargetID = 53D5F75625B7F90B0012FBB5;
					};
				};
			};
			buildConfigurationList = 53D5F75225B7F90B0012FBB5 /* Build configuration list for PBXProject "Notification" */;
			compatibilityVersion = "Xcode 9.3";
			developmentRegion = en;
			hasScannedForEncodings = 0;
			knownRegions = (
				en,
				Base,
			);
			mainGroup = 53D5F74E25B7F90B0012FBB5;
			productRefGroup = 53D5F75825B7F90B0012FBB5 /* Products */;
			projectDirPath = "";
			projectRoot = "";
			targets = (
				53D5F75625B7F90B0012FBB5 /* Notification */,
				53D5F77125B7F90D0012FBB5 /* NotificationTests */,
				53D5F77C25B7F90D0012FBB5 /* NotificationUITests */,
			);
		};
/* End PBXProject section */

/* Begin PBXResourcesBuildPhase section */
		53D5F75525B7F90B0012FBB5 /* Resources */ = {
			isa = PBXResourcesBuildPhase;
			buildActionMask = 2147483647;
			files = (
				53D5F76A25B7F90D0012FBB5 /* LaunchScreen.storyboard in Resources */,
				53D5F76725B7F90D0012FBB5 /* Assets.xcassets in Resources */,
				53D5F76525B7F90B0012FBB5 /* Main.storyboard in Resources */,
			);
			runOnlyForDeploymentPostprocessing = 0;
		};
		53D5F77025B7F90D0012FBB5 /* Resources */ = {
			isa = PBXResourcesBuildPhase;
			buildActionMask = 2147483647;
			files = (
			);
			runOnlyForDeploymentPostprocessing = 0;
		};
		53D5F77B25B7F90D0012FBB5 /* Resources */ = {
			isa = PBXResourcesBuildPhase;
			buildActionMask = 2147483647;
			files = (
			);
			runOnlyForDeploymentPostprocessing = 0;
		};
/* End PBXResourcesBuildPhase section */

/* Begin PBXSourcesBuildPhase section */
		53D5F75325B7F90B0012FBB5 /* Sources */ = {
			isa = PBXSourcesBuildPhase;
			buildActionMask = 2147483647;
			files = (
				53D5F76225B7F90B0012FBB5 /* ViewController.m in Sources */,
				53D5F75C25B7F90B0012FBB5 /* AppDelegate.m in Sources */,
				53D5F76D25B7F90D0012FBB5 /* main.m in Sources */,
				53D5F75F25B7F90B0012FBB5 /* SceneDelegate.m in Sources */,
			);
			runOnlyForDeploymentPostprocessing = 0;
		};
		53D5F76E25B7F90D0012FBB5 /* Sources */ = {
			isa = PBXSourcesBuildPhase;
			buildActionMask = 2147483647;
			files = (
				53D5F77725B7F90D0012FBB5 /* NotificationTests.m in Sources */,
			);
			runOnlyForDeploymentPostprocessing = 0;
		};
		53D5F77925B7F90D0012FBB5 /* Sources */ = {
			isa = PBXSourcesBuildPhase;
			buildActionMask = 2147483647;
			files = (
				53D5F78225B7F90D0012FBB5 /* NotificationUITests.m in Sources */,
			);
			runOnlyForDeploymentPostprocessing = 0;
		};
/* End PBXSourcesBuildPhase section */

/* Begin PBXTargetDependency section */
		53D5F77425B7F90D0012FBB5 /* PBXTargetDependency */ = {
			isa = PBXTargetDependency;
			target = 53D5F75625B7F90B0012FBB5 /* Notification */;
			targetProxy = 53D5F77325B7F90D0012FBB5 /* PBXContainerItemProxy */;
		};
		53D5F77F25B7F90D0012FBB5 /* PBXTargetDependency */ = {
			isa = PBXTargetDependency;
			target = 53D5F75625B7F90B0012FBB5 /* Notification */;
			targetProxy = 53D5F77E25B7F90D0012FBB5 /* PBXContainerItemProxy */;
		};
/* End PBXTargetDependency section */

/* Begin PBXVariantGroup section */
		53D5F76325B7F90B0012FBB5 /* Main.storyboard */ = {
			isa = PBXVariantGroup;
			children = (
				53D5F76425B7F90B0012FBB5 /* Base */,
			);
			name = Main.storyboard;
			sourceTree = "<group>";
		};
		53D5F76825B7F90D0012FBB5 /* LaunchScreen.storyboard */ = {
			isa = PBXVariantGroup;
			children = (
				53D5F76925B7F90D0012FBB5 /* Base */,
			);
			name = LaunchScreen.storyboard;
			sourceTree = "<group>";
		};
/* End PBXVariantGroup section */

/* Begin XCBuildConfiguration section */
		53D5F78425B7F90D0012FBB5 /* Debug */ = {
			isa = XCBuildConfiguration;
			buildSettings = {
				ALWAYS_SEARCH_USER_PATHS = NO;
				CLANG_ANALYZER_NONNULL = YES;
				CLANG_ANALYZER_NUMBER_OBJECT_CONVERSION = YES_AGGRESSIVE;
				CLANG_CXX_LANGUAGE_STANDARD = "gnu++14";
				CLANG_CXX_LIBRARY = "libc++";
				CLANG_ENABLE_MODULES = YES;
				CLANG_ENABLE_OBJC_ARC = YES;
				CLANG_ENABLE_OBJC_WEAK = YES;
				CLANG_WARN_BLOCK_CAPTURE_AUTORELEASING = YES;
				CLANG_WARN_BOOL_CONVERSION = YES;
				CLANG_WARN_COMMA = YES;
				CLANG_WARN_CONSTANT_CONVERSION = YES;
				CLANG_WARN_DEPRECATED_OBJC_IMPLEMENTATIONS = YES;
				CLANG_WARN_DIRECT_OBJC_ISA_USAGE = YES_ERROR;
				CLANG_WARN_DOCUMENTATION_COMMENTS = YES;
				CLANG_WARN_EMPTY_BODY = YES;
				CLANG_WARN_ENUM_CONVERSION = YES;
				CLANG_WARN_INFINITE_RECURSION = YES;
				CLANG_WARN_INT_CONVERSION = YES;
				CLANG_WARN_NON_LITERAL_NULL_CONVERSION = YES;
				CLANG_WARN_OBJC_IMPLICIT_RETAIN_SELF = YES;
				CLANG_WARN_OBJC_LITERAL_CONVERSION = YES;
				CLANG_WARN_OBJC_ROOT_CLASS = YES_ERROR;
				CLANG_WARN_QUOTED_INCLUDE_IN_FRAMEWORK_HEADER = YES;
				CLANG_WARN_RANGE_LOOP_ANALYSIS = YES;
				CLANG_WARN_STRICT_PROTOTYPES = YES;
				CLANG_WARN_SUSPICIOUS_MOVE = YES;
				CLANG_WARN_UNGUARDED_AVAILABILITY = YES_AGGRESSIVE;
				CLANG_WARN_UNREACHABLE_CODE = YES;
				CLANG_WARN__DUPLICATE_METHOD_MATCH = YES;
				COPY_PHASE_STRIP = NO;
				DEBUG_INFORMATION_FORMAT = dwarf;
				ENABLE_STRICT_OBJC_MSGSEND = YES;
				ENABLE_TESTABILITY = YES;
				GCC_C_LANGUAGE_STANDARD = gnu11;
				GCC_DYNAMIC_NO_PIC = NO;
				GCC_NO_COMMON_BLOCKS = YES;
				GCC_OPTIMIZATION_LEVEL = 0;
				GCC_PREPROCESSOR_DEFINITIONS = (
					"DEBUG=1",
					"$(inherited)",
				);
				GCC_WARN_64_TO_32_BIT_CONVERSION = YES;
				GCC_WARN_ABOUT_RETURN_TYPE = YES_ERROR;
				GCC_WARN_UNDECLARED_SELECTOR = YES;
				GCC_WARN_UNINITIALIZED_AUTOS = YES_AGGRESSIVE;
				GCC_WARN_UNUSED_FUNCTION = YES;
				GCC_WARN_UNUSED_VARIABLE = YES;
				IPHONEOS_DEPLOYMENT_TARGET = 14.3;
				MTL_ENABLE_DEBUG_INFO = INCLUDE_SOURCE;
				MTL_FAST_MATH = YES;
				ONLY_ACTIVE_ARCH = YES;
				SDKROOT = iphoneos;
			};
			name = Debug;
		};
		53D5F78525B7F90D0012FBB5 /* Release */ = {
			isa = XCBuildConfiguration;
			buildSettings = {
				ALWAYS_SEARCH_USER_PATHS = NO;
				CLANG_ANALYZER_NONNULL = YES;
				CLANG_ANALYZER_NUMBER_OBJECT_CONVERSION = YES_AGGRESSIVE;
				CLANG_CXX_LANGUAGE_STANDARD = "gnu++14";
				CLANG_CXX_LIBRARY = "libc++";
				CLANG_ENABLE_MODULES = YES;
				CLANG_ENABLE_OBJC_ARC = YES;
				CLANG_ENABLE_OBJC_WEAK = YES;
				CLANG_WARN_BLOCK_CAPTURE_AUTORELEASING = YES;
				CLANG_WARN_BOOL_CONVERSION = YES;
				CLANG_WARN_COMMA = YES;
				CLANG_WARN_CONSTANT_CONVERSION = YES;
				CLANG_WARN_DEPRECATED_OBJC_IMPLEMENTATIONS = YES;
				CLANG_WARN_DIRECT_OBJC_ISA_USAGE = YES_ERROR;
				CLANG_WARN_DOCUMENTATION_COMMENTS = YES;
				CLANG_WARN_EMPTY_BODY = YES;
				CLANG_WARN_ENUM_CONVERSION = YES;
				CLANG_WARN_INFINITE_RECURSION = YES;
				CLANG_WARN_INT_CONVERSION = YES;
				CLANG_WARN_NON_LITERAL_NULL_CONVERSION = YES;
				CLANG_WARN_OBJC_IMPLICIT_RETAIN_SELF = YES;
				CLANG_WARN_OBJC_LITERAL_CONVERSION = YES;
				CLANG_WARN_OBJC_ROOT_CLASS = YES_ERROR;
				CLANG_WARN_QUOTED_INCLUDE_IN_FRAMEWORK_HEADER = YES;
				CLANG_WARN_RANGE_LOOP_ANALYSIS = YES;
				CLANG_WARN_STRICT_PROTOTYPES = YES;
				CLANG_WARN_SUSPICIOUS_MOVE = YES;
				CLANG_WARN_UNGUARDED_AVAILABILITY = YES_AGGRESSIVE;
				CLANG_WARN_UNREACHABLE_CODE = YES;
				CLANG_WARN__DUPLICATE_METHOD_MATCH = YES;
				COPY_PHASE_STRIP = NO;
				DEBUG_INFORMATION_FORMAT = "dwarf-with-dsym";
				ENABLE_NS_ASSERTIONS = NO;
				ENABLE_STRICT_OBJC_MSGSEND = YES;
				GCC_C_LANGUAGE_STANDARD = gnu11;
				GCC_NO_COMMON_BLOCKS = YES;
				GCC_WARN_64_TO_32_BIT_CONVERSION = YES;
				GCC_WARN_ABOUT_RETURN_TYPE = YES_ERROR;
				GCC_WARN_UNDECLARED_SELECTOR = YES;
				GCC_WARN_UNINITIALIZED_AUTOS = YES_AGGRESSIVE;
				GCC_WARN_UNUSED_FUNCTION = YES;
				GCC_WARN_UNUSED_VARIABLE = YES;
				IPHONEOS_DEPLOYMENT_TARGET = 14.3;
				MTL_ENABLE_DEBUG_INFO = NO;
				MTL_FAST_MATH = YES;
				SDKROOT = iphoneos;
				VALIDATE_PRODUCT = YES;
			};
			name = Release;
		};
		53D5F78725B7F90D0012FBB5 /* Debug */ = {
			isa = XCBuildConfiguration;
			buildSettings = {
				ASSETCATALOG_COMPILER_APPICON_NAME = AppIcon;
				ASSETCATALOG_COMPILER_GLOBAL_ACCENT_COLOR_NAME = AccentColor;
				CODE_SIGN_STYLE = Automatic;
				DEVELOPMENT_TEAM = CSX92LWX9A;
				INFOPLIST_FILE = Notification/Info.plist;
				LD_RUNPATH_SEARCH_PATHS = (
					"$(inherited)",
					"@executable_path/Frameworks",
				);
				PRODUCT_BUNDLE_IDENTIFIER = com.wangwanli.Notification;
				PRODUCT_NAME = "$(TARGET_NAME)";
				TARGETED_DEVICE_FAMILY = "1,2";
			};
			name = Debug;
		};
		53D5F78825B7F90D0012FBB5 /* Release */ = {
			isa = XCBuildConfiguration;
			buildSettings = {
				ASSETCATALOG_COMPILER_APPICON_NAME = AppIcon;
				ASSETCATALOG_COMPILER_GLOBAL_ACCENT_COLOR_NAME = AccentColor;
				CODE_SIGN_STYLE = Automatic;
				DEVELOPMENT_TEAM = CSX92LWX9A;
				INFOPLIST_FILE = Notification/Info.plist;
				LD_RUNPATH_SEARCH_PATHS = (
					"$(inherited)",
					"@executable_path/Frameworks",
				);
				PRODUCT_BUNDLE_IDENTIFIER = com.wangwanli.Notification;
				PRODUCT_NAME = "$(TARGET_NAME)";
				TARGETED_DEVICE_FAMILY = "1,2";
			};
			name = Release;
		};
		53D5F78A25B7F90D0012FBB5 /* Debug */ = {
			isa = XCBuildConfiguration;
			buildSettings = {
				BUNDLE_LOADER = "$(TEST_HOST)";
				CODE_SIGN_STYLE = Automatic;
				DEVELOPMENT_TEAM = CSX92LWX9A;
				INFOPLIST_FILE = NotificationTests/Info.plist;
				IPHONEOS_DEPLOYMENT_TARGET = 14.3;
				LD_RUNPATH_SEARCH_PATHS = (
					"$(inherited)",
					"@executable_path/Frameworks",
					"@loader_path/Frameworks",
				);
				PRODUCT_BUNDLE_IDENTIFIER = com.wangwanli.NotificationTests;
				PRODUCT_NAME = "$(TARGET_NAME)";
				TARGETED_DEVICE_FAMILY = "1,2";
				TEST_HOST = "$(BUILT_PRODUCTS_DIR)/Notification.app/Notification";
			};
			name = Debug;
		};
		53D5F78B25B7F90D0012FBB5 /* Release */ = {
			isa = XCBuildConfiguration;
			buildSettings = {
				BUNDLE_LOADER = "$(TEST_HOST)";
				CODE_SIGN_STYLE = Automatic;
				DEVELOPMENT_TEAM = CSX92LWX9A;
				INFOPLIST_FILE = NotificationTests/Info.plist;
				IPHONEOS_DEPLOYMENT_TARGET = 14.3;
				LD_RUNPATH_SEARCH_PATHS = (
					"$(inherited)",
					"@executable_path/Frameworks",
					"@loader_path/Frameworks",
				);
				PRODUCT_BUNDLE_IDENTIFIER = com.wangwanli.NotificationTests;
				PRODUCT_NAME = "$(TARGET_NAME)";
				TARGETED_DEVICE_FAMILY = "1,2";
				TEST_HOST = "$(BUILT_PRODUCTS_DIR)/Notification.app/Notification";
			};
			name = Release;
		};
		53D5F78D25B7F90D0012FBB5 /* Debug */ = {
			isa = XCBuildConfiguration;
			buildSettings = {
				CODE_SIGN_STYLE = Automatic;
				DEVELOPMENT_TEAM = CSX92LWX9A;
				INFOPLIST_FILE = NotificationUITests/Info.plist;
				LD_RUNPATH_SEARCH_PATHS = (
					"$(inherited)",
					"@executable_path/Frameworks",
					"@loader_path/Frameworks",
				);
				PRODUCT_BUNDLE_IDENTIFIER = com.wangwanli.NotificationUITests;
				PRODUCT_NAME = "$(TARGET_NAME)";
				TARGETED_DEVICE_FAMILY = "1,2";
				TEST_TARGET_NAME = Notification;
			};
			name = Debug;
		};
		53D5F78E25B7F90D0012FBB5 /* Release */ = {
			isa = XCBuildConfiguration;
			buildSettings = {
				CODE_SIGN_STYLE = Automatic;
				DEVELOPMENT_TEAM = CSX92LWX9A;
				INFOPLIST_FILE = NotificationUITests/Info.plist;
				LD_RUNPATH_SEARCH_PATHS = (
					"$(inherited)",
					"@executable_path/Frameworks",
					"@loader_path/Frameworks",
				);
				PRODUCT_BUNDLE_IDENTIFIER = com.wangwanli.NotificationUITests;
				PRODUCT_NAME = "$(TARGET_NAME)";
				TARGETED_DEVICE_FAMILY = "1,2";
				TEST_TARGET_NAME = Notification;
			};
			name = Release;
		};
/* End XCBuildConfiguration section */

/* Begin XCConfigurationList section */
		53D5F75225B7F90B0012FBB5 /* Build configuration list for PBXProject "Notification" */ = {
			isa = XCConfigurationList;
			buildConfigurations = (
				53D5F78425B7F90D0012FBB5 /* Debug */,
				53D5F78525B7F90D0012FBB5 /* Release */,
			);
			defaultConfigurationIsVisible = 0;
			defaultConfigurationName = Release;
		};
		53D5F78625B7F90D0012FBB5 /* Build configuration list for PBXNativeTarget "Notification" */ = {
			isa = XCConfigurationList;
			buildConfigurations = (
				53D5F78725B7F90D0012FBB5 /* Debug */,
				53D5F78825B7F90D0012FBB5 /* Release */,
			);
			defaultConfigurationIsVisible = 0;
			defaultConfigurationName = Release;
		};
		53D5F78925B7F90D0012FBB5 /* Build configuration list for PBXNativeTarget "NotificationTests" */ = {
			isa = XCConfigurationList;
			buildConfigurations = (
				53D5F78A25B7F90D0012FBB5 /* Debug */,
				53D5F78B25B7F90D0012FBB5 /* Release */,
			);
			defaultConfigurationIsVisible = 0;
			defaultConfigurationName = Release;
		};
		53D5F78C25B7F90D0012FBB5 /* Build configuration list for PBXNativeTarget "NotificationUITests" */ = {
			isa = XCConfigurationList;
			buildConfigurations = (
				53D5F78D25B7F90D0012FBB5 /* Debug */,
				53D5F78E25B7F90D0012FBB5 /* Release */,
			);
			defaultConfigurationIsVisible = 0;
			defaultConfigurationName = Release;
		};
/* End XCConfigurationList section */
	};
	rootObject = 53D5F74F25B7F90B0012FBB5 /* Project object */;
}
